
Microsoft Visual Studio Solution File, Format Version 12.00
# Visual Studio Version 16
VisualStudioVersion = 16.0.30523.141
MinimumVisualStudioVersion = 10.0.40219.1
Project("{9A19103F-16F7-4668-BE54-9A1E7A4F7556}") = "GasMeterTwin", "src\GasMeterTwin\GasMeterTwin.csproj", "{E53CBFAC-3345-4391-AFB6-251E29DF2ED8}"
EndProject
Project("{FAE04EC0-301F-11D3-BF4B-00C04F79EFBC}") = "GasMeterTwin.UnitTests", "src\GasMeterTwin.UnitTests\GasMeterTwin.UnitTests.csproj", "{9FDDC13F-1E25-4400-89FB-00365EF7B623}"
EndProject
Global
	GlobalSection(SolutionConfigurationPlatforms) = preSolution
		Debug|Any CPU = Debug|Any CPU
		Release|Any CPU = Release|Any CPU
	EndGlobalSection
	GlobalSection(ProjectConfigurationPlatforms) = postSolution
		{E53CBFAC-3345-4391-AFB6-251E29DF2ED8}.Debug|Any CPU.ActiveCfg = Debug|Any CPU
		{E53CBFAC-3345-4391-AFB6-251E29DF2ED8}.Debug|Any CPU.Build.0 = Debug|Any CPU
		{E53CBFAC-3345-4391-AFB6-251E29DF2ED8}.Release|Any CPU.ActiveCfg = Release|Any CPU
		{E53CBFAC-3345-4391-AFB6-251E29DF2ED8}.Release|Any CPU.Build.0 = Release|Any CPU
		{9FDDC13F-1E25-4400-89FB-00365EF7B623}.Debug|Any CPU.ActiveCfg = Debug|Any CPU
		{9FDDC13F-1E25-4400-89FB-00365EF7B623}.Debug|Any CPU.Build.0 = Debug|Any CPU
		{9FDDC13F-1E25-4400-89FB-00365EF7B623}.Release|Any CPU.ActiveCfg = Release|Any CPU
		{9FDDC13F-1E25-4400-89FB-00365EF7B623}.Release|Any CPU.Build.0 = Release|Any CPU
	EndGlobalSection
	GlobalSection(SolutionProperties) = preSolution
		HideSolutionNode = FALSE
	EndGlobalSection
	GlobalSection(ExtensibilityGlobals) = postSolution
		SolutionGuid = {657C411B-BD0E-49FE-B11B-B5061F2FFFEA}
	EndGlobalSection
EndGlobal
